
Microsoft Visual Studio Solution File, Format Version 12.00
# Visual Studio Version 16
VisualStudioVersion = 16.0.32002.261
MinimumVisualStudioVersion = 10.0.40219.1
Project("{FAE04EC0-301F-11D3-BF4B-00C04F79EFBC}") = "DockIssueDemo", "DockIssueDemo\DockIssueDemo.csproj", "{56141709-3E54-4E78-99A8-7E1AA081DC31}"
EndProject
Global
	GlobalSection(SolutionConfigurationPlatforms) = preSolution
		Debug|Any CPU = Debug|Any CPU
		Release|Any CPU = Release|Any CPU
	EndGlobalSection
	GlobalSection(ProjectConfigurationPlatforms) = postSolution
		{56141709-3E54-4E78-99A8-7E1AA081DC31}.Debug|Any CPU.ActiveCfg = Debug|Any CPU
		{56141709-3E54-4E78-99A8-7E1AA081DC31}.Debug|Any CPU.Build.0 = Debug|Any CPU
		{56141709-3E54-4E78-99A8-7E1AA081DC31}.Release|Any CPU.ActiveCfg = Release|Any CPU
		{56141709-3E54-4E78-99A8-7E1AA081DC31}.Release|Any CPU.Build.0 = Release|Any CPU
	EndGlobalSection
	GlobalSection(SolutionProperties) = preSolution
		HideSolutionNode = FALSE
	EndGlobalSection
	GlobalSection(ExtensibilityGlobals) = postSolution
		SolutionGuid = {964C0CE9-0EB4-4236-A4A9-5EF54D1ED758}
	EndGlobalSection
EndGlobal
